
Microsoft Visual Studio Solution File, Format Version 12.00
# Visual Studio Version 16
VisualStudioVersion = 16.0.30002.166
MinimumVisualStudioVersion = 10.0.40219.1
Project("{8BC9CEB8-8B4A-11D0-8D11-00A0C91BC942}") = "Bai_41", "Bai1\Bai1.vcxproj", "{05713533-1EC8-429D-816B-F313F031C99D}"
EndProject
Project("{8BC9CEB8-8B4A-11D0-8D11-00A0C91BC942}") = "Bai_42", "Bai_42\Bai_42.vcxproj", "{3922295E-84E2-4980-B155-54DCA1DEDE69}"
EndProject
Project("{8BC9CEB8-8B4A-11D0-8D11-00A0C91BC942}") = "Bai_43", "Bai_43\Bai_43.vcxproj", "{48F133C1-379E-4E51-BE8D-1A1970BFC309}"
EndProject
Project("{8BC9CEB8-8B4A-11D0-8D11-00A0C91BC942}") = "Bai_47", "bt47\bt47.vcxproj", "{B55D825E-2B73-41F6-AF29-C81212799F5D}"
EndProject
Project("{8BC9CEB8-8B4A-11D0-8D11-00A0C91BC942}") = "Bai_44", "BaiTap_44\BaiTap_44.vcxproj", "{CE8DC64F-ACFD-4FA2-98B9-CE8C0DB950C0}"
EndProject
Project("{8BC9CEB8-8B4A-11D0-8D11-00A0C91BC942}") = "Bai_45", "Bai_45\Bai_45.vcxproj", "{19F4FCAD-DA30-4CB5-B043-8116502FD87C}"
EndProject
Project("{8BC9CEB8-8B4A-11D0-8D11-00A0C91BC942}") = "Bai_46", "Bai_46\Bai_46.vcxproj", "{155ACED8-BF54-4161-9C79-C1C5D633CD11}"
EndProject
Project("{8BC9CEB8-8B4A-11D0-8D11-00A0C91BC942}") = "Bai_48", "Bai_48\Bai_48.vcxproj", "{B56C0A92-9AED-48DA-B805-53C3F9F245DB}"
EndProject
Global
	GlobalSection(SolutionConfigurationPlatforms) = preSolution
		Debug|x64 = Debug|x64
		Debug|x86 = Debug|x86
		Release|x64 = Release|x64
		Release|x86 = Release|x86
	EndGlobalSection
	GlobalSection(ProjectConfigurationPlatforms) = postSolution
		{05713533-1EC8-429D-816B-F313F031C99D}.Debug|x64.ActiveCfg = Debug|x64
		{05713533-1EC8-429D-816B-F313F031C99D}.Debug|x64.Build.0 = Debug|x64
		{05713533-1EC8-429D-816B-F313F031C99D}.Debug|x86.ActiveCfg = Debug|Win32
		{05713533-1EC8-429D-816B-F313F031C99D}.Debug|x86.Build.0 = Debug|Win32
		{05713533-1EC8-429D-816B-F313F031C99D}.Release|x64.ActiveCfg = Release|x64
		{05713533-1EC8-429D-816B-F313F031C99D}.Release|x64.Build.0 = Release|x64
		{05713533-1EC8-429D-816B-F313F031C99D}.Release|x86.ActiveCfg = Release|Win32
		{05713533-1EC8-429D-816B-F313F031C99D}.Release|x86.Build.0 = Release|Win32
		{3922295E-84E2-4980-B155-54DCA1DEDE69}.Debug|x64.ActiveCfg = Debug|x64
		{3922295E-84E2-4980-B155-54DCA1DEDE69}.Debug|x64.Build.0 = Debug|x64
		{3922295E-84E2-4980-B155-54DCA1DEDE69}.Debug|x86.ActiveCfg = Debug|Win32
		{3922295E-84E2-4980-B155-54DCA1DEDE69}.Debug|x86.Build.0 = Debug|Win32
		{3922295E-84E2-4980-B155-54DCA1DEDE69}.Release|x64.ActiveCfg = Release|x64
		{3922295E-84E2-4980-B155-54DCA1DEDE69}.Release|x64.Build.0 = Release|x64
		{3922295E-84E2-4980-B155-54DCA1DEDE69}.Release|x86.ActiveCfg = Release|Win32
		{3922295E-84E2-4980-B155-54DCA1DEDE69}.Release|x86.Build.0 = Release|Win32
		{48F133C1-379E-4E51-BE8D-1A1970BFC309}.Debug|x64.ActiveCfg = Debug|x64
		{48F133C1-379E-4E51-BE8D-1A1970BFC309}.Debug|x64.Build.0 = Debug|x64
		{48F133C1-379E-4E51-BE8D-1A1970BFC309}.Debug|x86.ActiveCfg = Debug|Win32
		{48F133C1-379E-4E51-BE8D-1A1970BFC309}.Debug|x86.Build.0 = Debug|Win32
		{48F133C1-379E-4E51-BE8D-1A1970BFC309}.Release|x64.ActiveCfg = Release|x64
		{48F133C1-379E-4E51-BE8D-1A1970BFC309}.Release|x64.Build.0 = Release|x64
		{48F133C1-379E-4E51-BE8D-1A1970BFC309}.Release|x86.ActiveCfg = Release|Win32
		{48F133C1-379E-4E51-BE8D-1A1970BFC309}.Release|x86.Build.0 = Release|Win32
		{B55D825E-2B73-41F6-AF29-C81212799F5D}.Debug|x64.ActiveCfg = Debug|x64
		{B55D825E-2B73-41F6-AF29-C81212799F5D}.Debug|x64.Build.0 = Debug|x64
		{B55D825E-2B73-41F6-AF29-C81212799F5D}.Debug|x86.ActiveCfg = Debug|Win32
		{B55D825E-2B73-41F6-AF29-C81212799F5D}.Debug|x86.Build.0 = Debug|Win32
		{B55D825E-2B73-41F6-AF29-C81212799F5D}.Release|x64.ActiveCfg = Release|x64
		{B55D825E-2B73-41F6-AF29-C81212799F5D}.Release|x64.Build.0 = Release|x64
		{B55D825E-2B73-41F6-AF29-C81212799F5D}.Release|x86.ActiveCfg = Release|Win32
		{B55D825E-2B73-41F6-AF29-C81212799F5D}.Release|x86.Build.0 = Release|Win32
		{CE8DC64F-ACFD-4FA2-98B9-CE8C0DB950C0}.Debug|x64.ActiveCfg = Debug|x64
		{CE8DC64F-ACFD-4FA2-98B9-CE8C0DB950C0}.Debug|x64.Build.0 = Debug|x64
		{CE8DC64F-ACFD-4FA2-98B9-CE8C0DB950C0}.Debug|x86.ActiveCfg = Debug|Win32
		{CE8DC64F-ACFD-4FA2-98B9-CE8C0DB950C0}.Debug|x86.Build.0 = Debug|Win32
		{CE8DC64F-ACFD-4FA2-98B9-CE8C0DB950C0}.Release|x64.ActiveCfg = Release|x64
		{CE8DC64F-ACFD-4FA2-98B9-CE8C0DB950C0}.Release|x64.Build.0 = Release|x64
		{CE8DC64F-ACFD-4FA2-98B9-CE8C0DB950C0}.Release|x86.ActiveCfg = Release|Win32
		{CE8DC64F-ACFD-4FA2-98B9-CE8C0DB950C0}.Release|x86.Build.0 = Release|Win32
		{19F4FCAD-DA30-4CB5-B043-8116502FD87C}.Debug|x64.ActiveCfg = Debug|x64
		{19F4FCAD-DA30-4CB5-B043-8116502FD87C}.Debug|x64.Build.0 = Debug|x64
		{19F4FCAD-DA30-4CB5-B043-8116502FD87C}.Debug|x86.ActiveCfg = Debug|Win32
		{19F4FCAD-DA30-4CB5-B043-8116502FD87C}.Debug|x86.Build.0 = Debug|Win32
		{19F4FCAD-DA30-4CB5-B043-8116502FD87C}.Release|x64.ActiveCfg = Release|x64
		{19F4FCAD-DA30-4CB5-B043-8116502FD87C}.Release|x64.Build.0 = Release|x64
		{19F4FCAD-DA30-4CB5-B043-8116502FD87C}.Release|x86.ActiveCfg = Release|Win32
		{19F4FCAD-DA30-4CB5-B043-8116502FD87C}.Release|x86.Build.0 = Release|Win32
		{155ACED8-BF54-4161-9C79-C1C5D633CD11}.Debug|x64.ActiveCfg = Debug|x64
		{155ACED8-BF54-4161-9C79-C1C5D633CD11}.Debug|x64.Build.0 = Debug|x64
		{155ACED8-BF54-4161-9C79-C1C5D633CD11}.Debug|x86.ActiveCfg = Debug|Win32
		{155ACED8-BF54-4161-9C79-C1C5D633CD11}.Debug|x86.Build.0 = Debug|Win32
		{155ACED8-BF54-4161-9C79-C1C5D633CD11}.Release|x64.ActiveCfg = Release|x64
		{155ACED8-BF54-4161-9C79-C1C5D633CD11}.Release|x64.Build.0 = Release|x64
		{155ACED8-BF54-4161-9C79-C1C5D633CD11}.Release|x86.ActiveCfg = Release|Win32
		{155ACED8-BF54-4161-9C79-C1C5D633CD11}.Release|x86.Build.0 = Release|Win32
		{B56C0A92-9AED-48DA-B805-53C3F9F245DB}.Debug|x64.ActiveCfg = Debug|x64
		{B56C0A92-9AED-48DA-B805-53C3F9F245DB}.Debug|x64.Build.0 = Debug|x64
		{B56C0A92-9AED-48DA-B805-53C3F9F245DB}.Debug|x86.ActiveCfg = Debug|Win32
		{B56C0A92-9AED-48DA-B805-53C3F9F245DB}.Debug|x86.Build.0 = Debug|Win32
		{B56C0A92-9AED-48DA-B805-53C3F9F245DB}.Release|x64.ActiveCfg = Release|x64
		{B56C0A92-9AED-48DA-B805-53C3F9F245DB}.Release|x64.Build.0 = Release|x64
		{B56C0A92-9AED-48DA-B805-53C3F9F245DB}.Release|x86.ActiveCfg = Release|Win32
		{B56C0A92-9AED-48DA-B805-53C3F9F245DB}.Release|x86.Build.0 = Release|Win32
	EndGlobalSection
	GlobalSection(SolutionProperties) = preSolution
		HideSolutionNode = FALSE
	EndGlobalSection
	GlobalSection(ExtensibilityGlobals) = postSolution
		SolutionGuid = {773CDDED-AD53-470B-9ABB-B673A634A937}
	EndGlobalSection
EndGlobal
